
Microsoft Visual Studio Solution File, Format Version 12.00
# Visual Studio Version 17
VisualStudioVersion = 17.14.36203.30 d17.14
MinimumVisualStudioVersion = 10.0.40219.1
Project("{FAE04EC0-301F-11D3-BF4B-00C04F79EFBC}") = "LibrarySystem.Web", "LibrarySystem.Web\LibrarySystem.Web.csproj", "{056955C3-DD90-4FC5-BBEB-6A87BA0DC93F}"
EndProject
Project("{FAE04EC0-301F-11D3-BF4B-00C04F79EFBC}") = "LibrarySystem.Domain", "LibrarySystem.Domain\LibrarySystem.Domain.csproj", "{70B3D5F7-D9CB-4406-8D49-E09F71C14266}"
EndProject
Project("{FAE04EC0-301F-11D3-BF4B-00C04F79EFBC}") = "LibrarySystem.Infrastructure", "LibrarySystem.Infrastructure\LibrarySystem.Infrastructure.csproj", "{7397DBCA-60D1-4DDC-B5CD-17BE13DB9027}"
EndProject
Project("{FAE04EC0-301F-11D3-BF4B-00C04F79EFBC}") = "LibrarySystem.Application", "LibrarySystem.Application\LibrarySystem.Application.csproj", "{12FC927C-CD70-423A-AAC5-7D49EED8BFB0}"
EndProject
Global
	GlobalSection(SolutionConfigurationPlatforms) = preSolution
		Debug|Any CPU = Debug|Any CPU
		Release|Any CPU = Release|Any CPU
	EndGlobalSection
	GlobalSection(ProjectConfigurationPlatforms) = postSolution
		{056955C3-DD90-4FC5-BBEB-6A87BA0DC93F}.Debug|Any CPU.ActiveCfg = Debug|Any CPU
		{056955C3-DD90-4FC5-BBEB-6A87BA0DC93F}.Debug|Any CPU.Build.0 = Debug|Any CPU
		{056955C3-DD90-4FC5-BBEB-6A87BA0DC93F}.Release|Any CPU.ActiveCfg = Release|Any CPU
		{056955C3-DD90-4FC5-BBEB-6A87BA0DC93F}.Release|Any CPU.Build.0 = Release|Any CPU
		{70B3D5F7-D9CB-4406-8D49-E09F71C14266}.Debug|Any CPU.ActiveCfg = Debug|Any CPU
		{70B3D5F7-D9CB-4406-8D49-E09F71C14266}.Debug|Any CPU.Build.0 = Debug|Any CPU
		{70B3D5F7-D9CB-4406-8D49-E09F71C14266}.Release|Any CPU.ActiveCfg = Release|Any CPU
		{70B3D5F7-D9CB-4406-8D49-E09F71C14266}.Release|Any CPU.Build.0 = Release|Any CPU
		{7397DBCA-60D1-4DDC-B5CD-17BE13DB9027}.Debug|Any CPU.ActiveCfg = Debug|Any CPU
		{7397DBCA-60D1-4DDC-B5CD-17BE13DB9027}.Debug|Any CPU.Build.0 = Debug|Any CPU
		{7397DBCA-60D1-4DDC-B5CD-17BE13DB9027}.Release|Any CPU.ActiveCfg = Release|Any CPU
		{7397DBCA-60D1-4DDC-B5CD-17BE13DB9027}.Release|Any CPU.Build.0 = Release|Any CPU
		{12FC927C-CD70-423A-AAC5-7D49EED8BFB0}.Debug|Any CPU.ActiveCfg = Debug|Any CPU
		{12FC927C-CD70-423A-AAC5-7D49EED8BFB0}.Debug|Any CPU.Build.0 = Debug|Any CPU
		{12FC927C-CD70-423A-AAC5-7D49EED8BFB0}.Release|Any CPU.ActiveCfg = Release|Any CPU
		{12FC927C-CD70-423A-AAC5-7D49EED8BFB0}.Release|Any CPU.Build.0 = Release|Any CPU
	EndGlobalSection
	GlobalSection(SolutionProperties) = preSolution
		HideSolutionNode = FALSE
	EndGlobalSection
	GlobalSection(ExtensibilityGlobals) = postSolution
		SolutionGuid = {E0DE0412-644A-493E-AB6C-867F02910160}
	EndGlobalSection
EndGlobal
